// !$*UTF8*$!
{
	archiveVersion = 1;
	classes = {
	};
	objectVersion = 56;
	objects = {

/* Begin PBXBuildFile section */
		615B1C922941A8B6006BBE81 /* AppDelegate.swift in Sources */ = {isa = PBXBuildFile; fileRef = 615B1C912941A8B6006BBE81 /* AppDelegate.swift */; };
		615B1C942941A8B6006BBE81 /* SceneDelegate.swift in Sources */ = {isa = PBXBuildFile; fileRef = 615B1C932941A8B6006BBE81 /* SceneDelegate.swift */; };
		615B1C962941A8B6006BBE81 /* ViewController.swift in Sources */ = {isa = PBXBuildFile; fileRef = 615B1C952941A8B6006BBE81 /* ViewController.swift */; };
		615B1C992941A8B6006BBE81 /* Main.storyboard in Resources */ = {isa = PBXBuildFile; fileRef = 615B1C972941A8B6006BBE81 /* Main.storyboard */; };
		615B1C9B2941A8B7006BBE81 /* Assets.xcassets in Resources */ = {isa = PBXBuildFile; fileRef = 615B1C9A2941A8B7006BBE81 /* Assets.xcassets */; };
		615B1C9E2941A8B7006BBE81 /* LaunchScreen.storyboard in Resources */ = {isa = PBXBuildFile; fileRef = 615B1C9C2941A8B7006BBE81 /* LaunchScreen.storyboard */; };
		615B1CAB2941AAB5006BBE81 /* ContactInfo.swift in Sources */ = {isa = PBXBuildFile; fileRef = 615B1CAA2941AAB5006BBE81 /* ContactInfo.swift */; };
		615B1CAE2941ABFA006BBE81 /* ContactListTVC.swift in Sources */ = {isa = PBXBuildFile; fileRef = 615B1CAD2941ABFA006BBE81 /* ContactListTVC.swift */; };
		615B1CB02941B342006BBE81 /* Constants.swift in Sources */ = {isa = PBXBuildFile; fileRef = 615B1CAF2941B342006BBE81 /* Constants.swift */; };
		615B1CB22941B705006BBE81 /* ContactInfoCell.swift in Sources */ = {isa = PBXBuildFile; fileRef = 615B1CB12941B705006BBE81 /* ContactInfoCell.swift */; };
/* End PBXBuildFile section */

/* Begin PBXFileReference section */
		615B1C8E2941A8B6006BBE81 /* ContactApp.app */ = {isa = PBXFileReference; explicitFileType = wrapper.application; includeInIndex = 0; path = ContactApp.app; sourceTree = BUILT_PRODUCTS_DIR; };
		615B1C912941A8B6006BBE81 /* AppDelegate.swift */ = {isa = PBXFileReference; lastKnownFileType = sourcecode.swift; path = AppDelegate.swift; sourceTree = "<group>"; };
		615B1C932941A8B6006BBE81 /* SceneDelegate.swift */ = {isa = PBXFileReference; lastKnownFileType = sourcecode.swift; path = SceneDelegate.swift; sourceTree = "<group>"; };
		615B1C952941A8B6006BBE81 /* ViewController.swift */ = {isa = PBXFileReference; lastKnownFileType = sourcecode.swift; path = ViewController.swift; sourceTree = "<group>"; };
		615B1C982941A8B6006BBE81 /* Base */ = {isa = PBXFileReference; lastKnownFileType = file.storyboard; name = Base; path = Base.lproj/Main.storyboard; sourceTree = "<group>"; };
		615B1C9A2941A8B7006BBE81 /* Assets.xcassets */ = {isa = PBXFileReference; lastKnownFileType = folder.assetcatalog; path = Assets.xcassets; sourceTree = "<group>"; };
		615B1C9D2941A8B7006BBE81 /* Base */ = {isa = PBXFileReference; lastKnownFileType = file.storyboard; name = Base; path = Base.lproj/LaunchScreen.storyboard; sourceTree = "<group>"; };
		615B1C9F2941A8B7006BBE81 /* Info.plist */ = {isa = PBXFileReference; lastKnownFileType = text.plist.xml; path = Info.plist; sourceTree = "<group>"; };
		615B1CAA2941AAB5006BBE81 /* ContactInfo.swift */ = {isa = PBXFileReference; lastKnownFileType = sourcecode.swift; path = ContactInfo.swift; sourceTree = "<group>"; };
		615B1CAD2941ABFA006BBE81 /* ContactListTVC.swift */ = {isa = PBXFileReference; lastKnownFileType = sourcecode.swift; path = ContactListTVC.swift; sourceTree = "<group>"; };
		615B1CAF2941B342006BBE81 /* Constants.swift */ = {isa = PBXFileReference; lastKnownFileType = sourcecode.swift; path = Constants.swift; sourceTree = "<group>"; };
		615B1CB12941B705006BBE81 /* ContactInfoCell.swift */ = {isa = PBXFileReference; lastKnownFileType = sourcecode.swift; path = ContactInfoCell.swift; sourceTree = "<group>"; };
/* End PBXFileReference section */

/* Begin PBXFrameworksBuildPhase section */
		615B1C8B2941A8B6006BBE81 /* Frameworks */ = {
			isa = PBXFrameworksBuildPhase;
			buildActionMask = 2147483647;
			files = (
			);
			runOnlyForDeploymentPostprocessing = 0;
		};
/* End PBXFrameworksBuildPhase section */

/* Begin PBXGroup section */
		615B1C852941A8B6006BBE81 = {
			isa = PBXGroup;
			children = (
				615B1C902941A8B6006BBE81 /* ContactApp */,
				615B1C8F2941A8B6006BBE81 /* Products */,
			);
			sourceTree = "<group>";
		};
		615B1C8F2941A8B6006BBE81 /* Products */ = {
			isa = PBXGroup;
			children = (
				615B1C8E2941A8B6006BBE81 /* ContactApp.app */,
			);
			name = Products;
			sourceTree = "<group>";
		};
		615B1C902941A8B6006BBE81 /* ContactApp */ = {
			isa = PBXGroup;
			children = (
				615B1CAC2941AAFF006BBE81 /* Utils */,
				615B1CA92941AA2A006BBE81 /* Model */,
				615B1CA52941A9DC006BBE81 /* Controller */,
				615B1C912941A8B6006BBE81 /* AppDelegate.swift */,
				615B1C932941A8B6006BBE81 /* SceneDelegate.swift */,
				615B1C972941A8B6006BBE81 /* Main.storyboard */,
				615B1C9A2941A8B7006BBE81 /* Assets.xcassets */,
				615B1C9C2941A8B7006BBE81 /* LaunchScreen.storyboard */,
				615B1C9F2941A8B7006BBE81 /* Info.plist */,
			);
			path = ContactApp;
			sourceTree = "<group>";
		};
		615B1CA52941A9DC006BBE81 /* Controller */ = {
			isa = PBXGroup;
			children = (
				615B1CA72941AA04006BBE81 /* TableView */,
				615B1CA62941A9ED006BBE81 /* Main */,
			);
			path = Controller;
			sourceTree = "<group>";
		};
		615B1CA62941A9ED006BBE81 /* Main */ = {
			isa = PBXGroup;
			children = (
				615B1C952941A8B6006BBE81 /* ViewController.swift */,
			);
			path = Main;
			sourceTree = "<group>";
		};
		615B1CA72941AA04006BBE81 /* TableView */ = {
			isa = PBXGroup;
			children = (
				615B1CA82941AA15006BBE81 /* Cell */,
				615B1CAD2941ABFA006BBE81 /* ContactListTVC.swift */,
			);
			path = TableView;
			sourceTree = "<group>";
		};
		615B1CA82941AA15006BBE81 /* Cell */ = {
			isa = PBXGroup;
			children = (
				615B1CB12941B705006BBE81 /* ContactInfoCell.swift */,
			);
			path = Cell;
			sourceTree = "<group>";
		};
		615B1CA92941AA2A006BBE81 /* Model */ = {
			isa = PBXGroup;
			children = (
				615B1CAA2941AAB5006BBE81 /* ContactInfo.swift */,
			);
			path = Model;
			sourceTree = "<group>";
		};
		615B1CAC2941AAFF006BBE81 /* Utils */ = {
			isa = PBXGroup;
			children = (
				615B1CAF2941B342006BBE81 /* Constants.swift */,
			);
			path = Utils;
			sourceTree = "<group>";
		};
/* End PBXGroup section */

/* Begin PBXNativeTarget section */
		615B1C8D2941A8B6006BBE81 /* ContactApp */ = {
			isa = PBXNativeTarget;
			buildConfigurationList = 615B1CA22941A8B7006BBE81 /* Build configuration list for PBXNativeTarget "ContactApp" */;
			buildPhases = (
				615B1C8A2941A8B6006BBE81 /* Sources */,
				615B1C8B2941A8B6006BBE81 /* Frameworks */,
				615B1C8C2941A8B6006BBE81 /* Resources */,
			);
			buildRules = (
			);
			dependencies = (
			);
			name = ContactApp;
			productName = ContactApp;
			productReference = 615B1C8E2941A8B6006BBE81 /* ContactApp.app */;
			productType = "com.apple.product-type.application";
		};
/* End PBXNativeTarget section */

/* Begin PBXProject section */
		615B1C862941A8B6006BBE81 /* Project object */ = {
			isa = PBXProject;
			attributes = {
				BuildIndependentTargetsInParallel = 1;
				LastSwiftUpdateCheck = 1410;
				LastUpgradeCheck = 1410;
				TargetAttributes = {
					615B1C8D2941A8B6006BBE81 = {
						CreatedOnToolsVersion = 14.1;
					};
				};
			};
			buildConfigurationList = 615B1C892941A8B6006BBE81 /* Build configuration list for PBXProject "ContactApp" */;
			compatibilityVersion = "Xcode 14.0";
			developmentRegion = en;
			hasScannedForEncodings = 0;
			knownRegions = (
				en,
				Base,
			);
			mainGroup = 615B1C852941A8B6006BBE81;
			productRefGroup = 615B1C8F2941A8B6006BBE81 /* Products */;
			projectDirPath = "";
			projectRoot = "";
			targets = (
				615B1C8D2941A8B6006BBE81 /* ContactApp */,
			);
		};
/* End PBXProject section */

/* Begin PBXResourcesBuildPhase section */
		615B1C8C2941A8B6006BBE81 /* Resources */ = {
			isa = PBXResourcesBuildPhase;
			buildActionMask = 2147483647;
			files = (
				615B1C9E2941A8B7006BBE81 /* LaunchScreen.storyboard in Resources */,
				615B1C9B2941A8B7006BBE81 /* Assets.xcassets in Resources */,
				615B1C992941A8B6006BBE81 /* Main.storyboard in Resources */,
			);
			runOnlyForDeploymentPostprocessing = 0;
		};
/* End PBXResourcesBuildPhase section */

/* Begin PBXSourcesBuildPhase section */
		615B1C8A2941A8B6006BBE81 /* Sources */ = {
			isa = PBXSourcesBuildPhase;
			buildActionMask = 2147483647;
			files = (
				615B1CAB2941AAB5006BBE81 /* ContactInfo.swift in Sources */,
				615B1CB22941B705006BBE81 /* ContactInfoCell.swift in Sources */,
				615B1C962941A8B6006BBE81 /* ViewController.swift in Sources */,
				615B1C922941A8B6006BBE81 /* AppDelegate.swift in Sources */,
				615B1CAE2941ABFA006BBE81 /* ContactListTVC.swift in Sources */,
				615B1C942941A8B6006BBE81 /* SceneDelegate.swift in Sources */,
				615B1CB02941B342006BBE81 /* Constants.swift in Sources */,
			);
			runOnlyForDeploymentPostprocessing = 0;
		};
/* End PBXSourcesBuildPhase section */

/* Begin PBXVariantGroup section */
		615B1C972941A8B6006BBE81 /* Main.storyboard */ = {
			isa = PBXVariantGroup;
			children = (
				615B1C982941A8B6006BBE81 /* Base */,
			);
			name = Main.storyboard;
			sourceTree = "<group>";
		};
		615B1C9C2941A8B7006BBE81 /* LaunchScreen.storyboard */ = {
			isa = PBXVariantGroup;
			children = (
				615B1C9D2941A8B7006BBE81 /* Base */,
			);
			name = LaunchScreen.storyboard;
			sourceTree = "<group>";
		};
/* End PBXVariantGroup section */

/* Begin XCBuildConfiguration section */
		615B1CA02941A8B7006BBE81 /* Debug */ = {
			isa = XCBuildConfiguration;
			buildSettings = {
				ALWAYS_SEARCH_USER_PATHS = NO;
				CLANG_ANALYZER_NONNULL = YES;
				CLANG_ANALYZER_NUMBER_OBJECT_CONVERSION = YES_AGGRESSIVE;
				CLANG_CXX_LANGUAGE_STANDARD = "gnu++20";
				CLANG_ENABLE_MODULES = YES;
				CLANG_ENABLE_OBJC_ARC = YES;
				CLANG_ENABLE_OBJC_WEAK = YES;
				CLANG_WARN_BLOCK_CAPTURE_AUTORELEASING = YES;
				CLANG_WARN_BOOL_CONVERSION = YES;
				CLANG_WARN_COMMA = YES;
				CLANG_WARN_CONSTANT_CONVERSION = YES;
				CLANG_WARN_DEPRECATED_OBJC_IMPLEMENTATIONS = YES;
				CLANG_WARN_DIRECT_OBJC_ISA_USAGE = YES_ERROR;
				CLANG_WARN_DOCUMENTATION_COMMENTS = YES;
				CLANG_WARN_EMPTY_BODY = YES;
				CLANG_WARN_ENUM_CONVERSION = YES;
				CLANG_WARN_INFINITE_RECURSION = YES;
				CLANG_WARN_INT_CONVERSION = YES;
				CLANG_WARN_NON_LITERAL_NULL_CONVERSION = YES;
				CLANG_WARN_OBJC_IMPLICIT_RETAIN_SELF = YES;
				CLANG_WARN_OBJC_LITERAL_CONVERSION = YES;
				CLANG_WARN_OBJC_ROOT_CLASS = YES_ERROR;
				CLANG_WARN_QUOTED_INCLUDE_IN_FRAMEWORK_HEADER = YES;
				CLANG_WARN_RANGE_LOOP_ANALYSIS = YES;
				CLANG_WARN_STRICT_PROTOTYPES = YES;
				CLANG_WARN_SUSPICIOUS_MOVE = YES;
				CLANG_WARN_UNGUARDED_AVAILABILITY = YES_AGGRESSIVE;
				CLANG_WARN_UNREACHABLE_CODE = YES;
				CLANG_WARN__DUPLICATE_METHOD_MATCH = YES;
				COPY_PHASE_STRIP = NO;
				DEBUG_INFORMATION_FORMAT = dwarf;
				ENABLE_STRICT_OBJC_MSGSEND = YES;
				ENABLE_TESTABILITY = YES;
				GCC_C_LANGUAGE_STANDARD = gnu11;
				GCC_DYNAMIC_NO_PIC = NO;
				GCC_NO_COMMON_BLOCKS = YES;
				GCC_OPTIMIZATION_LEVEL = 0;
				GCC_PREPROCESSOR_DEFINITIONS = (
					"DEBUG=1",
					"$(inherited)",
				);
				GCC_WARN_64_TO_32_BIT_CONVERSION = YES;
				GCC_WARN_ABOUT_RETURN_TYPE = YES_ERROR;
				GCC_WARN_UNDECLARED_SELECTOR = YES;
				GCC_WARN_UNINITIALIZED_AUTOS = YES_AGGRESSIVE;
				GCC_WARN_UNUSED_FUNCTION = YES;
				GCC_WARN_UNUSED_VARIABLE = YES;
				IPHONEOS_DEPLOYMENT_TARGET = 16.1;
				MTL_ENABLE_DEBUG_INFO = INCLUDE_SOURCE;
				MTL_FAST_MATH = YES;
				ONLY_ACTIVE_ARCH = YES;
				SDKROOT = iphoneos;
				SWIFT_ACTIVE_COMPILATION_CONDITIONS = DEBUG;
				SWIFT_OPTIMIZATION_LEVEL = "-Onone";
			};
			name = Debug;
		};
		615B1CA12941A8B7006BBE81 /* Release */ = {
			isa = XCBuildConfiguration;
			buildSettings = {
				ALWAYS_SEARCH_USER_PATHS = NO;
				CLANG_ANALYZER_NONNULL = YES;
				CLANG_ANALYZER_NUMBER_OBJECT_CONVERSION = YES_AGGRESSIVE;
				CLANG_CXX_LANGUAGE_STANDARD = "gnu++20";
				CLANG_ENABLE_MODULES = YES;
				CLANG_ENABLE_OBJC_ARC = YES;
				CLANG_ENABLE_OBJC_WEAK = YES;
				CLANG_WARN_BLOCK_CAPTURE_AUTORELEASING = YES;
				CLANG_WARN_BOOL_CONVERSION = YES;
				CLANG_WARN_COMMA = YES;
				CLANG_WARN_CONSTANT_CONVERSION = YES;
				CLANG_WARN_DEPRECATED_OBJC_IMPLEMENTATIONS = YES;
				CLANG_WARN_DIRECT_OBJC_ISA_USAGE = YES_ERROR;
				CLANG_WARN_DOCUMENTATION_COMMENTS = YES;
				CLANG_WARN_EMPTY_BODY = YES;
				CLANG_WARN_ENUM_CONVERSION = YES;
				CLANG_WARN_INFINITE_RECURSION = YES;
				CLANG_WARN_INT_CONVERSION = YES;
				CLANG_WARN_NON_LITERAL_NULL_CONVERSION = YES;
				CLANG_WARN_OBJC_IMPLICIT_RETAIN_SELF = YES;
				CLANG_WARN_OBJC_LITERAL_CONVERSION = YES;
				CLANG_WARN_OBJC_ROOT_CLASS = YES_ERROR;
				CLANG_WARN_QUOTED_INCLUDE_IN_FRAMEWORK_HEADER = YES;
				CLANG_WARN_RANGE_LOOP_ANALYSIS = YES;
				CLANG_WARN_STRICT_PROTOTYPES = YES;
				CLANG_WARN_SUSPICIOUS_MOVE = YES;
				CLANG_WARN_UNGUARDED_AVAILABILITY = YES_AGGRESSIVE;
				CLANG_WARN_UNREACHABLE_CODE = YES;
				CLANG_WARN__DUPLICATE_METHOD_MATCH = YES;
				COPY_PHASE_STRIP = NO;
				DEBUG_INFORMATION_FORMAT = "dwarf-with-dsym";
				ENABLE_NS_ASSERTIONS = NO;
				ENABLE_STRICT_OBJC_MSGSEND = YES;
				GCC_C_LANGUAGE_STANDARD = gnu11;
				GCC_NO_COMMON_BLOCKS = YES;
				GCC_WARN_64_TO_32_BIT_CONVERSION = YES;
				GCC_WARN_ABOUT_RETURN_TYPE = YES_ERROR;
				GCC_WARN_UNDECLARED_SELECTOR = YES;
				GCC_WARN_UNINITIALIZED_AUTOS = YES_AGGRESSIVE;
				GCC_WARN_UNUSED_FUNCTION = YES;
				GCC_WARN_UNUSED_VARIABLE = YES;
				IPHONEOS_DEPLOYMENT_TARGET = 16.1;
				MTL_ENABLE_DEBUG_INFO = NO;
				MTL_FAST_MATH = YES;
				SDKROOT = iphoneos;
				SWIFT_COMPILATION_MODE = wholemodule;
				SWIFT_OPTIMIZATION_LEVEL = "-O";
				VALIDATE_PRODUCT = YES;
			};
			name = Release;
		};
		615B1CA32941A8B7006BBE81 /* Debug */ = {
			isa = XCBuildConfiguration;
			buildSettings = {
				ASSETCATALOG_COMPILER_APPICON_NAME = AppIcon;
				ASSETCATALOG_COMPILER_GLOBAL_ACCENT_COLOR_NAME = AccentColor;
				ASSETCATALOG_COMPILER_INCLUDE_ALL_APPICON_ASSETS = NO;
				CODE_SIGN_STYLE = Automatic;
				CURRENT_PROJECT_VERSION = 1;
				DEVELOPMENT_TEAM = 634W865UK3;
				GENERATE_INFOPLIST_FILE = YES;
				INFOPLIST_FILE = ContactApp/Info.plist;
				INFOPLIST_KEY_UIApplicationSupportsIndirectInputEvents = YES;
				INFOPLIST_KEY_UILaunchStoryboardName = LaunchScreen;
				INFOPLIST_KEY_UIMainStoryboardFile = Main;
				INFOPLIST_KEY_UISupportedInterfaceOrientations_iPad = "UIInterfaceOrientationPortrait UIInterfaceOrientationPortraitUpsideDown UIInterfaceOrientationLandscapeLeft UIInterfaceOrientationLandscapeRight";
				INFOPLIST_KEY_UISupportedInterfaceOrientations_iPhone = "UIInterfaceOrientationPortrait UIInterfaceOrientationLandscapeLeft UIInterfaceOrientationLandscapeRight";
				LD_RUNPATH_SEARCH_PATHS = (
					"$(inherited)",
					"@executable_path/Frameworks",
				);
				MARKETING_VERSION = 1.0;
				PRODUCT_BUNDLE_IDENTIFIER = com.rishab.ContactApp;
				PRODUCT_NAME = "$(TARGET_NAME)";
				SWIFT_EMIT_LOC_STRINGS = YES;
				SWIFT_VERSION = 5.0;
				TARGETED_DEVICE_FAMILY = "1,2";
			};
			name = Debug;
		};
		615B1CA42941A8B7006BBE81 /* Release */ = {
			isa = XCBuildConfiguration;
			buildSettings = {
				ASSETCATALOG_COMPILER_APPICON_NAME = AppIcon;
				ASSETCATALOG_COMPILER_GLOBAL_ACCENT_COLOR_NAME = AccentColor;
				ASSETCATALOG_COMPILER_INCLUDE_ALL_APPICON_ASSETS = NO;
				CODE_SIGN_STYLE = Automatic;
				CURRENT_PROJECT_VERSION = 1;
				DEVELOPMENT_TEAM = 634W865UK3;
				GENERATE_INFOPLIST_FILE = YES;
				INFOPLIST_FILE = ContactApp/Info.plist;
				INFOPLIST_KEY_UIApplicationSupportsIndirectInputEvents = YES;
				INFOPLIST_KEY_UILaunchStoryboardName = LaunchScreen;
				INFOPLIST_KEY_UIMainStoryboardFile = Main;
				INFOPLIST_KEY_UISupportedInterfaceOrientations_iPad = "UIInterfaceOrientationPortrait UIInterfaceOrientationPortraitUpsideDown UIInterfaceOrientationLandscapeLeft UIInterfaceOrientationLandscapeRight";
				INFOPLIST_KEY_UISupportedInterfaceOrientations_iPhone = "UIInterfaceOrientationPortrait UIInterfaceOrientationLandscapeLeft UIInterfaceOrientationLandscapeRight";
				LD_RUNPATH_SEARCH_PATHS = (
					"$(inherited)",
					"@executable_path/Frameworks",
				);
				MARKETING_VERSION = 1.0;
				PRODUCT_BUNDLE_IDENTIFIER = com.rishab.ContactApp;
				PRODUCT_NAME = "$(TARGET_NAME)";
				SWIFT_EMIT_LOC_STRINGS = YES;
				SWIFT_VERSION = 5.0;
				TARGETED_DEVICE_FAMILY = "1,2";
			};
			name = Release;
		};
/* End XCBuildConfiguration section */

/* Begin XCConfigurationList section */
		615B1C892941A8B6006BBE81 /* Build configuration list for PBXProject "ContactApp" */ = {
			isa = XCConfigurationList;
			buildConfigurations = (
				615B1CA02941A8B7006BBE81 /* Debug */,
				615B1CA12941A8B7006BBE81 /* Release */,
			);
			defaultConfigurationIsVisible = 0;
			defaultConfigurationName = Release;
		};
		615B1CA22941A8B7006BBE81 /* Build configuration list for PBXNativeTarget "ContactApp" */ = {
			isa = XCConfigurationList;
			buildConfigurations = (
				615B1CA32941A8B7006BBE81 /* Debug */,
				615B1CA42941A8B7006BBE81 /* Release */,
			);
			defaultConfigurationIsVisible = 0;
			defaultConfigurationName = Release;
		};
/* End XCConfigurationList section */
	};
	rootObject = 615B1C862941A8B6006BBE81 /* Project object */;
}
