// !$*UTF8*$!
{
	archiveVersion = 1;
	classes = {
	};
	objectVersion = 55;
	objects = {

/* Begin PBXBuildFile section */
		612C78032965D47400F4E560 /* UIBarButtonItem+Ext.swift in Sources */ = {isa = PBXBuildFile; fileRef = 612C78022965D47400F4E560 /* UIBarButtonItem+Ext.swift */; };
		615B1C922941A8B6006BBE81 /* AppDelegate.swift in Sources */ = {isa = PBXBuildFile; fileRef = 615B1C912941A8B6006BBE81 /* AppDelegate.swift */; };
		615B1C942941A8B6006BBE81 /* SceneDelegate.swift in Sources */ = {isa = PBXBuildFile; fileRef = 615B1C932941A8B6006BBE81 /* SceneDelegate.swift */; };
		615B1C962941A8B6006BBE81 /* LaunchViewController.swift in Sources */ = {isa = PBXBuildFile; fileRef = 615B1C952941A8B6006BBE81 /* LaunchViewController.swift */; };
		615B1C992941A8B6006BBE81 /* Main.storyboard in Resources */ = {isa = PBXBuildFile; fileRef = 615B1C972941A8B6006BBE81 /* Main.storyboard */; };
		615B1C9B2941A8B7006BBE81 /* Assets.xcassets in Resources */ = {isa = PBXBuildFile; fileRef = 615B1C9A2941A8B7006BBE81 /* Assets.xcassets */; };
		615B1C9E2941A8B7006BBE81 /* LaunchScreen.storyboard in Resources */ = {isa = PBXBuildFile; fileRef = 615B1C9C2941A8B7006BBE81 /* LaunchScreen.storyboard */; };
		615B1CAB2941AAB5006BBE81 /* ContactInfo.swift in Sources */ = {isa = PBXBuildFile; fileRef = 615B1CAA2941AAB5006BBE81 /* ContactInfo.swift */; };
		615B1CAE2941ABFA006BBE81 /* ContactListTVC.swift in Sources */ = {isa = PBXBuildFile; fileRef = 615B1CAD2941ABFA006BBE81 /* ContactListTVC.swift */; };
		615B1CB02941B342006BBE81 /* Constants.swift in Sources */ = {isa = PBXBuildFile; fileRef = 615B1CAF2941B342006BBE81 /* Constants.swift */; };
		615B1CB22941B705006BBE81 /* ContactInfoCell.swift in Sources */ = {isa = PBXBuildFile; fileRef = 615B1CB12941B705006BBE81 /* ContactInfoCell.swift */; };
		615B1CB7294708BE006BBE81 /* UIView+Ext.swift in Sources */ = {isa = PBXBuildFile; fileRef = 615B1CB6294708BE006BBE81 /* UIView+Ext.swift */; };
		615B1CB9294717A7006BBE81 /* UIColor+Ext.swift in Sources */ = {isa = PBXBuildFile; fileRef = 615B1CB8294717A7006BBE81 /* UIColor+Ext.swift */; };
		615B1CBB29472FF3006BBE81 /* UILabel+Ext.swift in Sources */ = {isa = PBXBuildFile; fileRef = 615B1CBA29472FF3006BBE81 /* UILabel+Ext.swift */; };
		615B1CBD294865DA006BBE81 /* IndividualContactTVC.swift in Sources */ = {isa = PBXBuildFile; fileRef = 615B1CBC294865DA006BBE81 /* IndividualContactTVC.swift */; };
		615B1CBF2948667D006BBE81 /* ImgContainerCell.swift in Sources */ = {isa = PBXBuildFile; fileRef = 615B1CBE2948667D006BBE81 /* ImgContainerCell.swift */; };
		615B1CC2294866B8006BBE81 /* ContactInfoContainerCell.swift in Sources */ = {isa = PBXBuildFile; fileRef = 615B1CC1294866B8006BBE81 /* ContactInfoContainerCell.swift */; };
		615B1CC529486735006BBE81 /* NotesContainerCell.swift in Sources */ = {isa = PBXBuildFile; fileRef = 615B1CC429486735006BBE81 /* NotesContainerCell.swift */; };
		615B1CC929489897006BBE81 /* ContactsDataSource.swift in Sources */ = {isa = PBXBuildFile; fileRef = 615B1CC829489897006BBE81 /* ContactsDataSource.swift */; };
		616502F52948D9B400E3EA20 /* CreateAndEditContactTVC.swift in Sources */ = {isa = PBXBuildFile; fileRef = 616502F42948D9B400E3EA20 /* CreateAndEditContactTVC.swift */; };
		616502F82948DB5400E3EA20 /* CreateContactImgCell.swift in Sources */ = {isa = PBXBuildFile; fileRef = 616502F72948DB5400E3EA20 /* CreateContactImgCell.swift */; };
		616502FA2948E18400E3EA20 /* LabelAndTextFieldCell.swift in Sources */ = {isa = PBXBuildFile; fileRef = 616502F92948E18400E3EA20 /* LabelAndTextFieldCell.swift */; };
		616502FC2948E56F00E3EA20 /* UITextField+Ext.swift in Sources */ = {isa = PBXBuildFile; fileRef = 616502FB2948E56F00E3EA20 /* UITextField+Ext.swift */; };
		616503002949AB1F00E3EA20 /* NotesTextViewCell.swift in Sources */ = {isa = PBXBuildFile; fileRef = 616502FF2949AB1F00E3EA20 /* NotesTextViewCell.swift */; };
		61650302294A011500E3EA20 /* UIViewController+Ext.swift in Sources */ = {isa = PBXBuildFile; fileRef = 61650301294A011500E3EA20 /* UIViewController+Ext.swift */; };
		61650304294C6ECE00E3EA20 /* LargeTileContactinfoCell.swift in Sources */ = {isa = PBXBuildFile; fileRef = 61650303294C6ECE00E3EA20 /* LargeTileContactinfoCell.swift */; };
		61650309294CB3A800E3EA20 /* DeleteContactPopVC.swift in Sources */ = {isa = PBXBuildFile; fileRef = 61650308294CB3A800E3EA20 /* DeleteContactPopVC.swift */; };
		6165030D2950756B00E3EA20 /* ImagePreviewPopVC.swift in Sources */ = {isa = PBXBuildFile; fileRef = 6165030C2950756B00E3EA20 /* ImagePreviewPopVC.swift */; };
		6165031029509DBE00E3EA20 /* CallAPIWrapper.swift in Sources */ = {isa = PBXBuildFile; fileRef = 6165030F29509DBE00E3EA20 /* CallAPIWrapper.swift */; };
		6197742A2952D0490002E4C0 /* ZCAppInfo.plist in Resources */ = {isa = PBXBuildFile; fileRef = 619774292952D0490002E4C0 /* ZCAppInfo.plist */; };
		6197742D2952DACE0002E4C0 /* ZCAPIWrapper.swift in Sources */ = {isa = PBXBuildFile; fileRef = 6197742C2952DACE0002E4C0 /* ZCAPIWrapper.swift */; };
		619774332953124A0002E4C0 /* ContactAppConstants.swift in Sources */ = {isa = PBXBuildFile; fileRef = 619774322953124A0002E4C0 /* ContactAppConstants.swift */; };
		61977436295437B20002E4C0 /* ContactInfoFormHandler.swift in Sources */ = {isa = PBXBuildFile; fileRef = 61977435295437B20002E4C0 /* ContactInfoFormHandler.swift */; };
		61A899152962D8DC0055C136 /* IndividualContactProtocols.swift in Sources */ = {isa = PBXBuildFile; fileRef = 61A899142962D8DC0055C136 /* IndividualContactProtocols.swift */; };
		61A899192962DC090055C136 /* IndividualContactViewController.swift in Sources */ = {isa = PBXBuildFile; fileRef = 61A899182962DC090055C136 /* IndividualContactViewController.swift */; };
		61A8991B2962E26D0055C136 /* IndividualContactPresenter.swift in Sources */ = {isa = PBXBuildFile; fileRef = 61A8991A2962E26D0055C136 /* IndividualContactPresenter.swift */; };
		61A8991D2962E7790055C136 /* IndividualContactEntity.swift in Sources */ = {isa = PBXBuildFile; fileRef = 61A8991C2962E7790055C136 /* IndividualContactEntity.swift */; };
		61A8991F2962EEFD0055C136 /* IndividualContactInteractor.swift in Sources */ = {isa = PBXBuildFile; fileRef = 61A8991E2962EEFD0055C136 /* IndividualContactInteractor.swift */; };
		61A899212962F2350055C136 /* IndividualContactRouter.swift in Sources */ = {isa = PBXBuildFile; fileRef = 61A899202962F2350055C136 /* IndividualContactRouter.swift */; };
		61A89924296315AE0055C136 /* CreateAndEditContactProtocols.swift in Sources */ = {isa = PBXBuildFile; fileRef = 61A89923296315AE0055C136 /* CreateAndEditContactProtocols.swift */; };
		61A899262963187C0055C136 /* CreateAndEditViewController.swift in Sources */ = {isa = PBXBuildFile; fileRef = 61A899252963187C0055C136 /* CreateAndEditViewController.swift */; };
		61A8992829632DC10055C136 /* CreateAndEditContactPresenter.swift in Sources */ = {isa = PBXBuildFile; fileRef = 61A8992729632DC10055C136 /* CreateAndEditContactPresenter.swift */; };
		61A8992A29633D870055C136 /* CreateAndEditContactEntity.swift in Sources */ = {isa = PBXBuildFile; fileRef = 61A8992929633D870055C136 /* CreateAndEditContactEntity.swift */; };
		61A8992C2963FED90055C136 /* CreateAndEditContactInteractor.swift in Sources */ = {isa = PBXBuildFile; fileRef = 61A8992B2963FED80055C136 /* CreateAndEditContactInteractor.swift */; };
		61A8992E2964003E0055C136 /* CreateAndEditContactRouter.swift in Sources */ = {isa = PBXBuildFile; fileRef = 61A8992D2964003E0055C136 /* CreateAndEditContactRouter.swift */; };
		61A8993229643A8C0055C136 /* LoadingViewController.swift in Sources */ = {isa = PBXBuildFile; fileRef = 61A8993129643A8C0055C136 /* LoadingViewController.swift */; };
		61D16DEF295B580600842552 /* ContactListProtocols.swift in Sources */ = {isa = PBXBuildFile; fileRef = 61D16DEE295B580600842552 /* ContactListProtocols.swift */; };
		61D16DF1295B691900842552 /* ContactListViewController.swift in Sources */ = {isa = PBXBuildFile; fileRef = 61D16DF0295B691900842552 /* ContactListViewController.swift */; };
		61D16DF3295B6F5000842552 /* ContactListPresenter.swift in Sources */ = {isa = PBXBuildFile; fileRef = 61D16DF2295B6F5000842552 /* ContactListPresenter.swift */; };
		61D16DF5295C279900842552 /* ContactListEntity.swift in Sources */ = {isa = PBXBuildFile; fileRef = 61D16DF4295C279900842552 /* ContactListEntity.swift */; };
		61D16DF7295C48AF00842552 /* ContactListInteractor.swift in Sources */ = {isa = PBXBuildFile; fileRef = 61D16DF6295C48AF00842552 /* ContactListInteractor.swift */; };
		61D16DF9295C5CA000842552 /* ContactListRouter.swift in Sources */ = {isa = PBXBuildFile; fileRef = 61D16DF8295C5CA000842552 /* ContactListRouter.swift */; };
		AC15101A61B83569BB619A7F /* Pods_ContactApp.framework in Frameworks */ = {isa = PBXBuildFile; fileRef = 39F863E6673985D7638ED8AA /* Pods_ContactApp.framework */; };
/* End PBXBuildFile section */

/* Begin PBXFileReference section */
		39F863E6673985D7638ED8AA /* Pods_ContactApp.framework */ = {isa = PBXFileReference; explicitFileType = wrapper.framework; includeInIndex = 0; path = Pods_ContactApp.framework; sourceTree = BUILT_PRODUCTS_DIR; };
		612C78022965D47400F4E560 /* UIBarButtonItem+Ext.swift */ = {isa = PBXFileReference; lastKnownFileType = sourcecode.swift; path = "UIBarButtonItem+Ext.swift"; sourceTree = "<group>"; };
		615B1C8E2941A8B6006BBE81 /* ContactApp.app */ = {isa = PBXFileReference; explicitFileType = wrapper.application; includeInIndex = 0; path = ContactApp.app; sourceTree = BUILT_PRODUCTS_DIR; };
		615B1C912941A8B6006BBE81 /* AppDelegate.swift */ = {isa = PBXFileReference; lastKnownFileType = sourcecode.swift; path = AppDelegate.swift; sourceTree = "<group>"; };
		615B1C932941A8B6006BBE81 /* SceneDelegate.swift */ = {isa = PBXFileReference; lastKnownFileType = sourcecode.swift; path = SceneDelegate.swift; sourceTree = "<group>"; };
		615B1C952941A8B6006BBE81 /* LaunchViewController.swift */ = {isa = PBXFileReference; lastKnownFileType = sourcecode.swift; path = LaunchViewController.swift; sourceTree = "<group>"; };
		615B1C982941A8B6006BBE81 /* Base */ = {isa = PBXFileReference; lastKnownFileType = file.storyboard; name = Base; path = Base.lproj/Main.storyboard; sourceTree = "<group>"; };
		615B1C9A2941A8B7006BBE81 /* Assets.xcassets */ = {isa = PBXFileReference; lastKnownFileType = folder.assetcatalog; path = Assets.xcassets; sourceTree = "<group>"; };
		615B1C9D2941A8B7006BBE81 /* Base */ = {isa = PBXFileReference; lastKnownFileType = file.storyboard; name = Base; path = Base.lproj/LaunchScreen.storyboard; sourceTree = "<group>"; };
		615B1C9F2941A8B7006BBE81 /* Info.plist */ = {isa = PBXFileReference; lastKnownFileType = text.plist.xml; path = Info.plist; sourceTree = "<group>"; };
		615B1CAA2941AAB5006BBE81 /* ContactInfo.swift */ = {isa = PBXFileReference; lastKnownFileType = sourcecode.swift; path = ContactInfo.swift; sourceTree = "<group>"; };
		615B1CAD2941ABFA006BBE81 /* ContactListTVC.swift */ = {isa = PBXFileReference; lastKnownFileType = sourcecode.swift; path = ContactListTVC.swift; sourceTree = "<group>"; };
		615B1CAF2941B342006BBE81 /* Constants.swift */ = {isa = PBXFileReference; lastKnownFileType = sourcecode.swift; path = Constants.swift; sourceTree = "<group>"; };
		615B1CB12941B705006BBE81 /* ContactInfoCell.swift */ = {isa = PBXFileReference; lastKnownFileType = sourcecode.swift; path = ContactInfoCell.swift; sourceTree = "<group>"; };
		615B1CB6294708BE006BBE81 /* UIView+Ext.swift */ = {isa = PBXFileReference; lastKnownFileType = sourcecode.swift; path = "UIView+Ext.swift"; sourceTree = "<group>"; };
		615B1CB8294717A7006BBE81 /* UIColor+Ext.swift */ = {isa = PBXFileReference; lastKnownFileType = sourcecode.swift; path = "UIColor+Ext.swift"; sourceTree = "<group>"; };
		615B1CBA29472FF3006BBE81 /* UILabel+Ext.swift */ = {isa = PBXFileReference; lastKnownFileType = sourcecode.swift; path = "UILabel+Ext.swift"; sourceTree = "<group>"; };
		615B1CBC294865DA006BBE81 /* IndividualContactTVC.swift */ = {isa = PBXFileReference; lastKnownFileType = sourcecode.swift; path = IndividualContactTVC.swift; sourceTree = "<group>"; };
		615B1CBE2948667D006BBE81 /* ImgContainerCell.swift */ = {isa = PBXFileReference; lastKnownFileType = sourcecode.swift; path = ImgContainerCell.swift; sourceTree = "<group>"; };
		615B1CC1294866B8006BBE81 /* ContactInfoContainerCell.swift */ = {isa = PBXFileReference; lastKnownFileType = sourcecode.swift; path = ContactInfoContainerCell.swift; sourceTree = "<group>"; };
		615B1CC429486735006BBE81 /* NotesContainerCell.swift */ = {isa = PBXFileReference; lastKnownFileType = sourcecode.swift; path = NotesContainerCell.swift; sourceTree = "<group>"; };
		615B1CC829489897006BBE81 /* ContactsDataSource.swift */ = {isa = PBXFileReference; lastKnownFileType = sourcecode.swift; path = ContactsDataSource.swift; sourceTree = "<group>"; };
		616502F42948D9B400E3EA20 /* CreateAndEditContactTVC.swift */ = {isa = PBXFileReference; lastKnownFileType = sourcecode.swift; path = CreateAndEditContactTVC.swift; sourceTree = "<group>"; };
		616502F72948DB5400E3EA20 /* CreateContactImgCell.swift */ = {isa = PBXFileReference; lastKnownFileType = sourcecode.swift; path = CreateContactImgCell.swift; sourceTree = "<group>"; };
		616502F92948E18400E3EA20 /* LabelAndTextFieldCell.swift */ = {isa = PBXFileReference; lastKnownFileType = sourcecode.swift; path = LabelAndTextFieldCell.swift; sourceTree = "<group>"; };
		616502FB2948E56F00E3EA20 /* UITextField+Ext.swift */ = {isa = PBXFileReference; lastKnownFileType = sourcecode.swift; path = "UITextField+Ext.swift"; sourceTree = "<group>"; };
		616502FF2949AB1F00E3EA20 /* NotesTextViewCell.swift */ = {isa = PBXFileReference; lastKnownFileType = sourcecode.swift; path = NotesTextViewCell.swift; sourceTree = "<group>"; };
		61650301294A011500E3EA20 /* UIViewController+Ext.swift */ = {isa = PBXFileReference; lastKnownFileType = sourcecode.swift; path = "UIViewController+Ext.swift"; sourceTree = "<group>"; };
		61650303294C6ECE00E3EA20 /* LargeTileContactinfoCell.swift */ = {isa = PBXFileReference; lastKnownFileType = sourcecode.swift; path = LargeTileContactinfoCell.swift; sourceTree = "<group>"; };
		61650308294CB3A800E3EA20 /* DeleteContactPopVC.swift */ = {isa = PBXFileReference; lastKnownFileType = sourcecode.swift; path = DeleteContactPopVC.swift; sourceTree = "<group>"; };
		6165030C2950756B00E3EA20 /* ImagePreviewPopVC.swift */ = {isa = PBXFileReference; lastKnownFileType = sourcecode.swift; path = ImagePreviewPopVC.swift; sourceTree = "<group>"; };
		6165030F29509DBE00E3EA20 /* CallAPIWrapper.swift */ = {isa = PBXFileReference; lastKnownFileType = sourcecode.swift; path = CallAPIWrapper.swift; sourceTree = "<group>"; };
		61977426295217E60002E4C0 /* ContactApp-Bridging-Header.h */ = {isa = PBXFileReference; lastKnownFileType = sourcecode.c.h; path = "ContactApp-Bridging-Header.h"; sourceTree = "<group>"; };
		619774292952D0490002E4C0 /* ZCAppInfo.plist */ = {isa = PBXFileReference; fileEncoding = 4; lastKnownFileType = text.plist.xml; path = ZCAppInfo.plist; sourceTree = "<group>"; };
		6197742C2952DACE0002E4C0 /* ZCAPIWrapper.swift */ = {isa = PBXFileReference; lastKnownFileType = sourcecode.swift; path = ZCAPIWrapper.swift; sourceTree = "<group>"; };
		619774322953124A0002E4C0 /* ContactAppConstants.swift */ = {isa = PBXFileReference; lastKnownFileType = sourcecode.swift; path = ContactAppConstants.swift; sourceTree = "<group>"; };
		61977435295437B20002E4C0 /* ContactInfoFormHandler.swift */ = {isa = PBXFileReference; lastKnownFileType = sourcecode.swift; path = ContactInfoFormHandler.swift; sourceTree = "<group>"; };
		61A899142962D8DC0055C136 /* IndividualContactProtocols.swift */ = {isa = PBXFileReference; lastKnownFileType = sourcecode.swift; path = IndividualContactProtocols.swift; sourceTree = "<group>"; };
		61A899182962DC090055C136 /* IndividualContactViewController.swift */ = {isa = PBXFileReference; lastKnownFileType = sourcecode.swift; path = IndividualContactViewController.swift; sourceTree = "<group>"; };
		61A8991A2962E26D0055C136 /* IndividualContactPresenter.swift */ = {isa = PBXFileReference; lastKnownFileType = sourcecode.swift; path = IndividualContactPresenter.swift; sourceTree = "<group>"; };
		61A8991C2962E7790055C136 /* IndividualContactEntity.swift */ = {isa = PBXFileReference; lastKnownFileType = sourcecode.swift; path = IndividualContactEntity.swift; sourceTree = "<group>"; };
		61A8991E2962EEFD0055C136 /* IndividualContactInteractor.swift */ = {isa = PBXFileReference; lastKnownFileType = sourcecode.swift; path = IndividualContactInteractor.swift; sourceTree = "<group>"; };
		61A899202962F2350055C136 /* IndividualContactRouter.swift */ = {isa = PBXFileReference; lastKnownFileType = sourcecode.swift; path = IndividualContactRouter.swift; sourceTree = "<group>"; };
		61A89923296315AE0055C136 /* CreateAndEditContactProtocols.swift */ = {isa = PBXFileReference; lastKnownFileType = sourcecode.swift; path = CreateAndEditContactProtocols.swift; sourceTree = "<group>"; };
		61A899252963187C0055C136 /* CreateAndEditViewController.swift */ = {isa = PBXFileReference; lastKnownFileType = sourcecode.swift; path = CreateAndEditViewController.swift; sourceTree = "<group>"; };
		61A8992729632DC10055C136 /* CreateAndEditContactPresenter.swift */ = {isa = PBXFileReference; lastKnownFileType = sourcecode.swift; path = CreateAndEditContactPresenter.swift; sourceTree = "<group>"; };
		61A8992929633D870055C136 /* CreateAndEditContactEntity.swift */ = {isa = PBXFileReference; lastKnownFileType = sourcecode.swift; path = CreateAndEditContactEntity.swift; sourceTree = "<group>"; };
		61A8992B2963FED80055C136 /* CreateAndEditContactInteractor.swift */ = {isa = PBXFileReference; lastKnownFileType = sourcecode.swift; path = CreateAndEditContactInteractor.swift; sourceTree = "<group>"; };
		61A8992D2964003E0055C136 /* CreateAndEditContactRouter.swift */ = {isa = PBXFileReference; lastKnownFileType = sourcecode.swift; path = CreateAndEditContactRouter.swift; sourceTree = "<group>"; };
		61A8993129643A8C0055C136 /* LoadingViewController.swift */ = {isa = PBXFileReference; lastKnownFileType = sourcecode.swift; path = LoadingViewController.swift; sourceTree = "<group>"; };
		61D16DEE295B580600842552 /* ContactListProtocols.swift */ = {isa = PBXFileReference; lastKnownFileType = sourcecode.swift; path = ContactListProtocols.swift; sourceTree = "<group>"; };
		61D16DF0295B691900842552 /* ContactListViewController.swift */ = {isa = PBXFileReference; lastKnownFileType = sourcecode.swift; path = ContactListViewController.swift; sourceTree = "<group>"; };
		61D16DF2295B6F5000842552 /* ContactListPresenter.swift */ = {isa = PBXFileReference; lastKnownFileType = sourcecode.swift; path = ContactListPresenter.swift; sourceTree = "<group>"; };
		61D16DF4295C279900842552 /* ContactListEntity.swift */ = {isa = PBXFileReference; lastKnownFileType = sourcecode.swift; path = ContactListEntity.swift; sourceTree = "<group>"; };
		61D16DF6295C48AF00842552 /* ContactListInteractor.swift */ = {isa = PBXFileReference; lastKnownFileType = sourcecode.swift; path = ContactListInteractor.swift; sourceTree = "<group>"; };
		61D16DF8295C5CA000842552 /* ContactListRouter.swift */ = {isa = PBXFileReference; lastKnownFileType = sourcecode.swift; path = ContactListRouter.swift; sourceTree = "<group>"; };
		BB7DF560ADA330E05C26BCBE /* Pods-ContactApp.debug.xcconfig */ = {isa = PBXFileReference; includeInIndex = 1; lastKnownFileType = text.xcconfig; name = "Pods-ContactApp.debug.xcconfig"; path = "Target Support Files/Pods-ContactApp/Pods-ContactApp.debug.xcconfig"; sourceTree = "<group>"; };
		D60752944B2BFCDE08AC5967 /* Pods-ContactApp.release.xcconfig */ = {isa = PBXFileReference; includeInIndex = 1; lastKnownFileType = text.xcconfig; name = "Pods-ContactApp.release.xcconfig"; path = "Target Support Files/Pods-ContactApp/Pods-ContactApp.release.xcconfig"; sourceTree = "<group>"; };
/* End PBXFileReference section */

/* Begin PBXFrameworksBuildPhase section */
		615B1C8B2941A8B6006BBE81 /* Frameworks */ = {
			isa = PBXFrameworksBuildPhase;
			buildActionMask = 2147483647;
			files = (
				AC15101A61B83569BB619A7F /* Pods_ContactApp.framework in Frameworks */,
			);
			runOnlyForDeploymentPostprocessing = 0;
		};
/* End PBXFrameworksBuildPhase section */

/* Begin PBXGroup section */
		615B1C852941A8B6006BBE81 = {
			isa = PBXGroup;
			children = (
				615B1C902941A8B6006BBE81 /* ContactApp */,
				615B1C8F2941A8B6006BBE81 /* Products */,
				C109EB6B396F15248084489F /* Pods */,
				D93BD4B81A978BCC04DAD24A /* Frameworks */,
			);
			sourceTree = "<group>";
		};
		615B1C8F2941A8B6006BBE81 /* Products */ = {
			isa = PBXGroup;
			children = (
				615B1C8E2941A8B6006BBE81 /* ContactApp.app */,
			);
			name = Products;
			sourceTree = "<group>";
		};
		615B1C902941A8B6006BBE81 /* ContactApp */ = {
			isa = PBXGroup;
			children = (
				61A89922296315690055C136 /* CreateAndEditContact */,
				61A899132962D8B20055C136 /* IndividualContact */,
				61D16DED295B57CD00842552 /* ContactList */,
				615B1CA92941AA2A006BBE81 /* Model */,
				61977434295437700002E4C0 /* ZC Form Handler */,
				6197742B2952DAAB0002E4C0 /* ZC Api Wrapper */,
				619774252952177D0002E4C0 /* Supporting Files */,
				6165030E29509D6100E3EA20 /* CallApiWrapper */,
				615B1CC72948983F006BBE81 /* DataSource */,
				615B1CAC2941AAFF006BBE81 /* Utils-Extension */,
				615B1CA52941A9DC006BBE81 /* Controller */,
				615B1C912941A8B6006BBE81 /* AppDelegate.swift */,
				615B1C932941A8B6006BBE81 /* SceneDelegate.swift */,
				615B1C972941A8B6006BBE81 /* Main.storyboard */,
				615B1C9A2941A8B7006BBE81 /* Assets.xcassets */,
				615B1C9C2941A8B7006BBE81 /* LaunchScreen.storyboard */,
				615B1C9F2941A8B7006BBE81 /* Info.plist */,
			);
			path = ContactApp;
			sourceTree = "<group>";
		};
		615B1CA52941A9DC006BBE81 /* Controller */ = {
			isa = PBXGroup;
			children = (
				61650305294CB00300E3EA20 /* PopUpView */,
				615B1CA72941AA04006BBE81 /* TableView */,
				615B1CA62941A9ED006BBE81 /* Main */,
			);
			path = Controller;
			sourceTree = "<group>";
		};
		615B1CA62941A9ED006BBE81 /* Main */ = {
			isa = PBXGroup;
			children = (
				61A8993129643A8C0055C136 /* LoadingViewController.swift */,
				615B1C952941A8B6006BBE81 /* LaunchViewController.swift */,
			);
			path = Main;
			sourceTree = "<group>";
		};
		615B1CA72941AA04006BBE81 /* TableView */ = {
			isa = PBXGroup;
			children = (
				616502FE2948EE6100E3EA20 /* IndividualGroup */,
				616502FD2948EE3600E3EA20 /* ContactList */,
				615B1CCA2948B4DC006BBE81 /* CreateAndEditContact */,
				615B1CA82941AA15006BBE81 /* Cell */,
			);
			path = TableView;
			sourceTree = "<group>";
		};
		615B1CA82941AA15006BBE81 /* Cell */ = {
			isa = PBXGroup;
			children = (
				616502F62948DACF00E3EA20 /* CreateContact */,
				615B1CC629488081006BBE81 /* ContactInfo */,
				615B1CC029486685006BBE81 /* IndividualContact */,
			);
			path = Cell;
			sourceTree = "<group>";
		};
		615B1CA92941AA2A006BBE81 /* Model */ = {
			isa = PBXGroup;
			children = (
				615B1CAA2941AAB5006BBE81 /* ContactInfo.swift */,
			);
			path = Model;
			sourceTree = "<group>";
		};
		615B1CAC2941AAFF006BBE81 /* Utils-Extension */ = {
			isa = PBXGroup;
			children = (
				619774312953122A0002E4C0 /* Contact App Constants */,
				615B1CAF2941B342006BBE81 /* Constants.swift */,
				615B1CB6294708BE006BBE81 /* UIView+Ext.swift */,
				615B1CB8294717A7006BBE81 /* UIColor+Ext.swift */,
				615B1CBA29472FF3006BBE81 /* UILabel+Ext.swift */,
				616502FB2948E56F00E3EA20 /* UITextField+Ext.swift */,
				61650301294A011500E3EA20 /* UIViewController+Ext.swift */,
				612C78022965D47400F4E560 /* UIBarButtonItem+Ext.swift */,
			);
			path = "Utils-Extension";
			sourceTree = "<group>";
		};
		615B1CC029486685006BBE81 /* IndividualContact */ = {
			isa = PBXGroup;
			children = (
				615B1CBE2948667D006BBE81 /* ImgContainerCell.swift */,
				615B1CC1294866B8006BBE81 /* ContactInfoContainerCell.swift */,
				615B1CC429486735006BBE81 /* NotesContainerCell.swift */,
			);
			path = IndividualContact;
			sourceTree = "<group>";
		};
		615B1CC629488081006BBE81 /* ContactInfo */ = {
			isa = PBXGroup;
			children = (
				615B1CB12941B705006BBE81 /* ContactInfoCell.swift */,
				61650303294C6ECE00E3EA20 /* LargeTileContactinfoCell.swift */,
			);
			path = ContactInfo;
			sourceTree = "<group>";
		};
		615B1CC72948983F006BBE81 /* DataSource */ = {
			isa = PBXGroup;
			children = (
				615B1CC829489897006BBE81 /* ContactsDataSource.swift */,
			);
			path = DataSource;
			sourceTree = "<group>";
		};
		615B1CCA2948B4DC006BBE81 /* CreateAndEditContact */ = {
			isa = PBXGroup;
			children = (
				616502F42948D9B400E3EA20 /* CreateAndEditContactTVC.swift */,
			);
			path = CreateAndEditContact;
			sourceTree = "<group>";
		};
		616502F62948DACF00E3EA20 /* CreateContact */ = {
			isa = PBXGroup;
			children = (
				616502F72948DB5400E3EA20 /* CreateContactImgCell.swift */,
				616502F92948E18400E3EA20 /* LabelAndTextFieldCell.swift */,
				616502FF2949AB1F00E3EA20 /* NotesTextViewCell.swift */,
			);
			path = CreateContact;
			sourceTree = "<group>";
		};
		616502FD2948EE3600E3EA20 /* ContactList */ = {
			isa = PBXGroup;
			children = (
				615B1CAD2941ABFA006BBE81 /* ContactListTVC.swift */,
			);
			path = ContactList;
			sourceTree = "<group>";
		};
		616502FE2948EE6100E3EA20 /* IndividualGroup */ = {
			isa = PBXGroup;
			children = (
				615B1CBC294865DA006BBE81 /* IndividualContactTVC.swift */,
			);
			path = IndividualGroup;
			sourceTree = "<group>";
		};
		61650305294CB00300E3EA20 /* PopUpView */ = {
			isa = PBXGroup;
			children = (
				61650308294CB3A800E3EA20 /* DeleteContactPopVC.swift */,
				6165030C2950756B00E3EA20 /* ImagePreviewPopVC.swift */,
			);
			path = PopUpView;
			sourceTree = "<group>";
		};
		6165030E29509D6100E3EA20 /* CallApiWrapper */ = {
			isa = PBXGroup;
			children = (
				6165030F29509DBE00E3EA20 /* CallAPIWrapper.swift */,
			);
			path = CallApiWrapper;
			sourceTree = "<group>";
		};
		619774252952177D0002E4C0 /* Supporting Files */ = {
			isa = PBXGroup;
			children = (
				61977426295217E60002E4C0 /* ContactApp-Bridging-Header.h */,
				619774292952D0490002E4C0 /* ZCAppInfo.plist */,
			);
			path = "Supporting Files";
			sourceTree = "<group>";
		};
		6197742B2952DAAB0002E4C0 /* ZC Api Wrapper */ = {
			isa = PBXGroup;
			children = (
				6197742C2952DACE0002E4C0 /* ZCAPIWrapper.swift */,
			);
			path = "ZC Api Wrapper";
			sourceTree = "<group>";
		};
		619774312953122A0002E4C0 /* Contact App Constants */ = {
			isa = PBXGroup;
			children = (
				619774322953124A0002E4C0 /* ContactAppConstants.swift */,
			);
			path = "Contact App Constants";
			sourceTree = "<group>";
		};
		61977434295437700002E4C0 /* ZC Form Handler */ = {
			isa = PBXGroup;
			children = (
				61977435295437B20002E4C0 /* ContactInfoFormHandler.swift */,
			);
			path = "ZC Form Handler";
			sourceTree = "<group>";
		};
		61A899132962D8B20055C136 /* IndividualContact */ = {
			isa = PBXGroup;
			children = (
				61A899142962D8DC0055C136 /* IndividualContactProtocols.swift */,
				61A899182962DC090055C136 /* IndividualContactViewController.swift */,
				61A8991A2962E26D0055C136 /* IndividualContactPresenter.swift */,
				61A8991E2962EEFD0055C136 /* IndividualContactInteractor.swift */,
				61A899202962F2350055C136 /* IndividualContactRouter.swift */,
				61A8991C2962E7790055C136 /* IndividualContactEntity.swift */,
			);
			path = IndividualContact;
			sourceTree = "<group>";
		};
		61A89922296315690055C136 /* CreateAndEditContact */ = {
			isa = PBXGroup;
			children = (
				61A89923296315AE0055C136 /* CreateAndEditContactProtocols.swift */,
				61A899252963187C0055C136 /* CreateAndEditViewController.swift */,
				61A8992729632DC10055C136 /* CreateAndEditContactPresenter.swift */,
				61A8992B2963FED80055C136 /* CreateAndEditContactInteractor.swift */,
				61A8992D2964003E0055C136 /* CreateAndEditContactRouter.swift */,
				61A8992929633D870055C136 /* CreateAndEditContactEntity.swift */,
			);
			path = CreateAndEditContact;
			sourceTree = "<group>";
		};
		61D16DED295B57CD00842552 /* ContactList */ = {
			isa = PBXGroup;
			children = (
				61D16DEE295B580600842552 /* ContactListProtocols.swift */,
				61D16DF0295B691900842552 /* ContactListViewController.swift */,
				61D16DF2295B6F5000842552 /* ContactListPresenter.swift */,
				61D16DF6295C48AF00842552 /* ContactListInteractor.swift */,
				61D16DF4295C279900842552 /* ContactListEntity.swift */,
				61D16DF8295C5CA000842552 /* ContactListRouter.swift */,
			);
			path = ContactList;
			sourceTree = "<group>";
		};
		C109EB6B396F15248084489F /* Pods */ = {
			isa = PBXGroup;
			children = (
				BB7DF560ADA330E05C26BCBE /* Pods-ContactApp.debug.xcconfig */,
				D60752944B2BFCDE08AC5967 /* Pods-ContactApp.release.xcconfig */,
			);
			path = Pods;
			sourceTree = "<group>";
		};
		D93BD4B81A978BCC04DAD24A /* Frameworks */ = {
			isa = PBXGroup;
			children = (
				39F863E6673985D7638ED8AA /* Pods_ContactApp.framework */,
			);
			name = Frameworks;
			sourceTree = "<group>";
		};
/* End PBXGroup section */

/* Begin PBXNativeTarget section */
		615B1C8D2941A8B6006BBE81 /* ContactApp */ = {
			isa = PBXNativeTarget;
			buildConfigurationList = 615B1CA22941A8B7006BBE81 /* Build configuration list for PBXNativeTarget "ContactApp" */;
			buildPhases = (
				C14FCED421EDDCA4D42802F8 /* [CP] Check Pods Manifest.lock */,
				615B1C8A2941A8B6006BBE81 /* Sources */,
				615B1C8B2941A8B6006BBE81 /* Frameworks */,
				615B1C8C2941A8B6006BBE81 /* Resources */,
				50490466AB3F3E53404EA1A3 /* [CP] Embed Pods Frameworks */,
			);
			buildRules = (
			);
			dependencies = (
			);
			name = ContactApp;
			productName = ContactApp;
			productReference = 615B1C8E2941A8B6006BBE81 /* ContactApp.app */;
			productType = "com.apple.product-type.application";
		};
/* End PBXNativeTarget section */

/* Begin PBXProject section */
		615B1C862941A8B6006BBE81 /* Project object */ = {
			isa = PBXProject;
			attributes = {
				BuildIndependentTargetsInParallel = 1;
				LastSwiftUpdateCheck = 1410;
				LastUpgradeCheck = 1410;
				TargetAttributes = {
					615B1C8D2941A8B6006BBE81 = {
						CreatedOnToolsVersion = 14.1;
					};
				};
			};
			buildConfigurationList = 615B1C892941A8B6006BBE81 /* Build configuration list for PBXProject "ContactApp" */;
			compatibilityVersion = "Xcode 13.0";
			developmentRegion = en;
			hasScannedForEncodings = 0;
			knownRegions = (
				en,
				Base,
			);
			mainGroup = 615B1C852941A8B6006BBE81;
			productRefGroup = 615B1C8F2941A8B6006BBE81 /* Products */;
			projectDirPath = "";
			projectRoot = "";
			targets = (
				615B1C8D2941A8B6006BBE81 /* ContactApp */,
			);
		};
/* End PBXProject section */

/* Begin PBXResourcesBuildPhase section */
		615B1C8C2941A8B6006BBE81 /* Resources */ = {
			isa = PBXResourcesBuildPhase;
			buildActionMask = 2147483647;
			files = (
				615B1C9E2941A8B7006BBE81 /* LaunchScreen.storyboard in Resources */,
				615B1C9B2941A8B7006BBE81 /* Assets.xcassets in Resources */,
				615B1C992941A8B6006BBE81 /* Main.storyboard in Resources */,
				6197742A2952D0490002E4C0 /* ZCAppInfo.plist in Resources */,
			);
			runOnlyForDeploymentPostprocessing = 0;
		};
/* End PBXResourcesBuildPhase section */

/* Begin PBXShellScriptBuildPhase section */
		50490466AB3F3E53404EA1A3 /* [CP] Embed Pods Frameworks */ = {
			isa = PBXShellScriptBuildPhase;
			buildActionMask = 2147483647;
			files = (
			);
			inputFileListPaths = (
				"${PODS_ROOT}/Target Support Files/Pods-ContactApp/Pods-ContactApp-frameworks-${CONFIGURATION}-input-files.xcfilelist",
			);
			name = "[CP] Embed Pods Frameworks";
			outputFileListPaths = (
				"${PODS_ROOT}/Target Support Files/Pods-ContactApp/Pods-ContactApp-frameworks-${CONFIGURATION}-output-files.xcfilelist",
			);
			runOnlyForDeploymentPostprocessing = 0;
			shellPath = /bin/sh;
			shellScript = "\"${PODS_ROOT}/Target Support Files/Pods-ContactApp/Pods-ContactApp-frameworks.sh\"\n";
			showEnvVarsInLog = 0;
		};
		C14FCED421EDDCA4D42802F8 /* [CP] Check Pods Manifest.lock */ = {
			isa = PBXShellScriptBuildPhase;
			buildActionMask = 2147483647;
			files = (
			);
			inputFileListPaths = (
			);
			inputPaths = (
				"${PODS_PODFILE_DIR_PATH}/Podfile.lock",
				"${PODS_ROOT}/Manifest.lock",
			);
			name = "[CP] Check Pods Manifest.lock";
			outputFileListPaths = (
			);
			outputPaths = (
				"$(DERIVED_FILE_DIR)/Pods-ContactApp-checkManifestLockResult.txt",
			);
			runOnlyForDeploymentPostprocessing = 0;
			shellPath = /bin/sh;
			shellScript = "diff \"${PODS_PODFILE_DIR_PATH}/Podfile.lock\" \"${PODS_ROOT}/Manifest.lock\" > /dev/null\nif [ $? != 0 ] ; then\n    # print error to STDERR\n    echo \"error: The sandbox is not in sync with the Podfile.lock. Run 'pod install' or update your CocoaPods installation.\" >&2\n    exit 1\nfi\n# This output is used by Xcode 'outputs' to avoid re-running this script phase.\necho \"SUCCESS\" > \"${SCRIPT_OUTPUT_FILE_0}\"\n";
			showEnvVarsInLog = 0;
		};
/* End PBXShellScriptBuildPhase section */

/* Begin PBXSourcesBuildPhase section */
		615B1C8A2941A8B6006BBE81 /* Sources */ = {
			isa = PBXSourcesBuildPhase;
			buildActionMask = 2147483647;
			files = (
				615B1CAB2941AAB5006BBE81 /* ContactInfo.swift in Sources */,
				61650304294C6ECE00E3EA20 /* LargeTileContactinfoCell.swift in Sources */,
				615B1CBB29472FF3006BBE81 /* UILabel+Ext.swift in Sources */,
				61D16DF7295C48AF00842552 /* ContactListInteractor.swift in Sources */,
				61650302294A011500E3EA20 /* UIViewController+Ext.swift in Sources */,
				615B1CB22941B705006BBE81 /* ContactInfoCell.swift in Sources */,
				61A8992A29633D870055C136 /* CreateAndEditContactEntity.swift in Sources */,
				61A8991B2962E26D0055C136 /* IndividualContactPresenter.swift in Sources */,
				619774332953124A0002E4C0 /* ContactAppConstants.swift in Sources */,
				61A8993229643A8C0055C136 /* LoadingViewController.swift in Sources */,
				616503002949AB1F00E3EA20 /* NotesTextViewCell.swift in Sources */,
				61A8992E2964003E0055C136 /* CreateAndEditContactRouter.swift in Sources */,
				615B1CBF2948667D006BBE81 /* ImgContainerCell.swift in Sources */,
				61A89924296315AE0055C136 /* CreateAndEditContactProtocols.swift in Sources */,
				612C78032965D47400F4E560 /* UIBarButtonItem+Ext.swift in Sources */,
				6165030D2950756B00E3EA20 /* ImagePreviewPopVC.swift in Sources */,
				61977436295437B20002E4C0 /* ContactInfoFormHandler.swift in Sources */,
				61D16DF3295B6F5000842552 /* ContactListPresenter.swift in Sources */,
				61A899192962DC090055C136 /* IndividualContactViewController.swift in Sources */,
				61A8991D2962E7790055C136 /* IndividualContactEntity.swift in Sources */,
				616502FA2948E18400E3EA20 /* LabelAndTextFieldCell.swift in Sources */,
				61D16DF9295C5CA000842552 /* ContactListRouter.swift in Sources */,
				61D16DF1295B691900842552 /* ContactListViewController.swift in Sources */,
				615B1C962941A8B6006BBE81 /* LaunchViewController.swift in Sources */,
				61A899262963187C0055C136 /* CreateAndEditViewController.swift in Sources */,
				615B1CC529486735006BBE81 /* NotesContainerCell.swift in Sources */,
				615B1C922941A8B6006BBE81 /* AppDelegate.swift in Sources */,
				615B1CB7294708BE006BBE81 /* UIView+Ext.swift in Sources */,
				615B1CC2294866B8006BBE81 /* ContactInfoContainerCell.swift in Sources */,
				6165031029509DBE00E3EA20 /* CallAPIWrapper.swift in Sources */,
				61A8992829632DC10055C136 /* CreateAndEditContactPresenter.swift in Sources */,
				616502FC2948E56F00E3EA20 /* UITextField+Ext.swift in Sources */,
				616502F82948DB5400E3EA20 /* CreateContactImgCell.swift in Sources */,
				61A899152962D8DC0055C136 /* IndividualContactProtocols.swift in Sources */,
				61650309294CB3A800E3EA20 /* DeleteContactPopVC.swift in Sources */,
				615B1CAE2941ABFA006BBE81 /* ContactListTVC.swift in Sources */,
				61D16DF5295C279900842552 /* ContactListEntity.swift in Sources */,
				61A899212962F2350055C136 /* IndividualContactRouter.swift in Sources */,
				61A8991F2962EEFD0055C136 /* IndividualContactInteractor.swift in Sources */,
				61D16DEF295B580600842552 /* ContactListProtocols.swift in Sources */,
				61A8992C2963FED90055C136 /* CreateAndEditContactInteractor.swift in Sources */,
				615B1CB9294717A7006BBE81 /* UIColor+Ext.swift in Sources */,
				615B1C942941A8B6006BBE81 /* SceneDelegate.swift in Sources */,
				6197742D2952DACE0002E4C0 /* ZCAPIWrapper.swift in Sources */,
				615B1CB02941B342006BBE81 /* Constants.swift in Sources */,
				615B1CBD294865DA006BBE81 /* IndividualContactTVC.swift in Sources */,
				616502F52948D9B400E3EA20 /* CreateAndEditContactTVC.swift in Sources */,
				615B1CC929489897006BBE81 /* ContactsDataSource.swift in Sources */,
			);
			runOnlyForDeploymentPostprocessing = 0;
		};
/* End PBXSourcesBuildPhase section */

/* Begin PBXVariantGroup section */
		615B1C972941A8B6006BBE81 /* Main.storyboard */ = {
			isa = PBXVariantGroup;
			children = (
				615B1C982941A8B6006BBE81 /* Base */,
			);
			name = Main.storyboard;
			sourceTree = "<group>";
		};
		615B1C9C2941A8B7006BBE81 /* LaunchScreen.storyboard */ = {
			isa = PBXVariantGroup;
			children = (
				615B1C9D2941A8B7006BBE81 /* Base */,
			);
			name = LaunchScreen.storyboard;
			sourceTree = "<group>";
		};
/* End PBXVariantGroup section */

/* Begin XCBuildConfiguration section */
		615B1CA02941A8B7006BBE81 /* Debug */ = {
			isa = XCBuildConfiguration;
			buildSettings = {
				ALWAYS_SEARCH_USER_PATHS = NO;
				CLANG_ANALYZER_NONNULL = YES;
				CLANG_ANALYZER_NUMBER_OBJECT_CONVERSION = YES_AGGRESSIVE;
				CLANG_CXX_LANGUAGE_STANDARD = "gnu++20";
				CLANG_ENABLE_MODULES = YES;
				CLANG_ENABLE_OBJC_ARC = YES;
				CLANG_ENABLE_OBJC_WEAK = YES;
				CLANG_WARN_BLOCK_CAPTURE_AUTORELEASING = YES;
				CLANG_WARN_BOOL_CONVERSION = YES;
				CLANG_WARN_COMMA = YES;
				CLANG_WARN_CONSTANT_CONVERSION = YES;
				CLANG_WARN_DEPRECATED_OBJC_IMPLEMENTATIONS = YES;
				CLANG_WARN_DIRECT_OBJC_ISA_USAGE = YES_ERROR;
				CLANG_WARN_DOCUMENTATION_COMMENTS = YES;
				CLANG_WARN_EMPTY_BODY = YES;
				CLANG_WARN_ENUM_CONVERSION = YES;
				CLANG_WARN_INFINITE_RECURSION = YES;
				CLANG_WARN_INT_CONVERSION = YES;
				CLANG_WARN_NON_LITERAL_NULL_CONVERSION = YES;
				CLANG_WARN_OBJC_IMPLICIT_RETAIN_SELF = YES;
				CLANG_WARN_OBJC_LITERAL_CONVERSION = YES;
				CLANG_WARN_OBJC_ROOT_CLASS = YES_ERROR;
				CLANG_WARN_QUOTED_INCLUDE_IN_FRAMEWORK_HEADER = YES;
				CLANG_WARN_RANGE_LOOP_ANALYSIS = YES;
				CLANG_WARN_STRICT_PROTOTYPES = YES;
				CLANG_WARN_SUSPICIOUS_MOVE = YES;
				CLANG_WARN_UNGUARDED_AVAILABILITY = YES_AGGRESSIVE;
				CLANG_WARN_UNREACHABLE_CODE = YES;
				CLANG_WARN__DUPLICATE_METHOD_MATCH = YES;
				COPY_PHASE_STRIP = NO;
				DEBUG_INFORMATION_FORMAT = dwarf;
				ENABLE_STRICT_OBJC_MSGSEND = YES;
				ENABLE_TESTABILITY = YES;
				GCC_C_LANGUAGE_STANDARD = gnu11;
				GCC_DYNAMIC_NO_PIC = NO;
				GCC_NO_COMMON_BLOCKS = YES;
				GCC_OPTIMIZATION_LEVEL = 0;
				GCC_PREPROCESSOR_DEFINITIONS = (
					"DEBUG=1",
					"$(inherited)",
				);
				GCC_WARN_64_TO_32_BIT_CONVERSION = YES;
				GCC_WARN_ABOUT_RETURN_TYPE = YES_ERROR;
				GCC_WARN_UNDECLARED_SELECTOR = YES;
				GCC_WARN_UNINITIALIZED_AUTOS = YES_AGGRESSIVE;
				GCC_WARN_UNUSED_FUNCTION = YES;
				GCC_WARN_UNUSED_VARIABLE = YES;
				IPHONEOS_DEPLOYMENT_TARGET = 16.1;
				MTL_ENABLE_DEBUG_INFO = INCLUDE_SOURCE;
				MTL_FAST_MATH = YES;
				ONLY_ACTIVE_ARCH = YES;
				SDKROOT = iphoneos;
				SWIFT_ACTIVE_COMPILATION_CONDITIONS = DEBUG;
				SWIFT_OPTIMIZATION_LEVEL = "-Onone";
			};
			name = Debug;
		};
		615B1CA12941A8B7006BBE81 /* Release */ = {
			isa = XCBuildConfiguration;
			buildSettings = {
				ALWAYS_SEARCH_USER_PATHS = NO;
				CLANG_ANALYZER_NONNULL = YES;
				CLANG_ANALYZER_NUMBER_OBJECT_CONVERSION = YES_AGGRESSIVE;
				CLANG_CXX_LANGUAGE_STANDARD = "gnu++20";
				CLANG_ENABLE_MODULES = YES;
				CLANG_ENABLE_OBJC_ARC = YES;
				CLANG_ENABLE_OBJC_WEAK = YES;
				CLANG_WARN_BLOCK_CAPTURE_AUTORELEASING = YES;
				CLANG_WARN_BOOL_CONVERSION = YES;
				CLANG_WARN_COMMA = YES;
				CLANG_WARN_CONSTANT_CONVERSION = YES;
				CLANG_WARN_DEPRECATED_OBJC_IMPLEMENTATIONS = YES;
				CLANG_WARN_DIRECT_OBJC_ISA_USAGE = YES_ERROR;
				CLANG_WARN_DOCUMENTATION_COMMENTS = YES;
				CLANG_WARN_EMPTY_BODY = YES;
				CLANG_WARN_ENUM_CONVERSION = YES;
				CLANG_WARN_INFINITE_RECURSION = YES;
				CLANG_WARN_INT_CONVERSION = YES;
				CLANG_WARN_NON_LITERAL_NULL_CONVERSION = YES;
				CLANG_WARN_OBJC_IMPLICIT_RETAIN_SELF = YES;
				CLANG_WARN_OBJC_LITERAL_CONVERSION = YES;
				CLANG_WARN_OBJC_ROOT_CLASS = YES_ERROR;
				CLANG_WARN_QUOTED_INCLUDE_IN_FRAMEWORK_HEADER = YES;
				CLANG_WARN_RANGE_LOOP_ANALYSIS = YES;
				CLANG_WARN_STRICT_PROTOTYPES = YES;
				CLANG_WARN_SUSPICIOUS_MOVE = YES;
				CLANG_WARN_UNGUARDED_AVAILABILITY = YES_AGGRESSIVE;
				CLANG_WARN_UNREACHABLE_CODE = YES;
				CLANG_WARN__DUPLICATE_METHOD_MATCH = YES;
				COPY_PHASE_STRIP = NO;
				DEBUG_INFORMATION_FORMAT = "dwarf-with-dsym";
				ENABLE_NS_ASSERTIONS = NO;
				ENABLE_STRICT_OBJC_MSGSEND = YES;
				GCC_C_LANGUAGE_STANDARD = gnu11;
				GCC_NO_COMMON_BLOCKS = YES;
				GCC_WARN_64_TO_32_BIT_CONVERSION = YES;
				GCC_WARN_ABOUT_RETURN_TYPE = YES_ERROR;
				GCC_WARN_UNDECLARED_SELECTOR = YES;
				GCC_WARN_UNINITIALIZED_AUTOS = YES_AGGRESSIVE;
				GCC_WARN_UNUSED_FUNCTION = YES;
				GCC_WARN_UNUSED_VARIABLE = YES;
				IPHONEOS_DEPLOYMENT_TARGET = 16.1;
				MTL_ENABLE_DEBUG_INFO = NO;
				MTL_FAST_MATH = YES;
				SDKROOT = iphoneos;
				SWIFT_COMPILATION_MODE = wholemodule;
				SWIFT_OPTIMIZATION_LEVEL = "-O";
				VALIDATE_PRODUCT = YES;
			};
			name = Release;
		};
		615B1CA32941A8B7006BBE81 /* Debug */ = {
			isa = XCBuildConfiguration;
			baseConfigurationReference = BB7DF560ADA330E05C26BCBE /* Pods-ContactApp.debug.xcconfig */;
			buildSettings = {
				ASSETCATALOG_COMPILER_APPICON_NAME = AppIcon;
				ASSETCATALOG_COMPILER_GLOBAL_ACCENT_COLOR_NAME = AccentColor;
				ASSETCATALOG_COMPILER_INCLUDE_ALL_APPICON_ASSETS = NO;
				CODE_SIGN_STYLE = Automatic;
				CURRENT_PROJECT_VERSION = 1;
				DEVELOPMENT_TEAM = 634W865UK3;
				GENERATE_INFOPLIST_FILE = YES;
				INFOPLIST_FILE = ContactApp/Info.plist;
				INFOPLIST_KEY_NSPhotoLibraryUsageDescription = "Grant Access to upload contact image";
				INFOPLIST_KEY_UIApplicationSupportsIndirectInputEvents = YES;
				INFOPLIST_KEY_UILaunchStoryboardName = LaunchScreen;
				INFOPLIST_KEY_UIMainStoryboardFile = Main;
				INFOPLIST_KEY_UISupportedInterfaceOrientations = "UIInterfaceOrientationLandscapeLeft UIInterfaceOrientationLandscapeRight UIInterfaceOrientationPortrait UIInterfaceOrientationPortraitUpsideDown";
				IPHONEOS_DEPLOYMENT_TARGET = 13.0;
				LD_RUNPATH_SEARCH_PATHS = (
					"$(inherited)",
					"@executable_path/Frameworks",
				);
				MARKETING_VERSION = 1.0;
				PRODUCT_BUNDLE_IDENTIFIER = com.rishab.ContactApp2;
				PRODUCT_NAME = "$(TARGET_NAME)";
				SWIFT_EMIT_LOC_STRINGS = YES;
				SWIFT_OBJC_BRIDGING_HEADER = "ContactApp/Supporting Files/ContactApp-Bridging-Header.h";
				SWIFT_VERSION = 5.0;
				TARGETED_DEVICE_FAMILY = "1,2";
			};
			name = Debug;
		};
		615B1CA42941A8B7006BBE81 /* Release */ = {
			isa = XCBuildConfiguration;
			baseConfigurationReference = D60752944B2BFCDE08AC5967 /* Pods-ContactApp.release.xcconfig */;
			buildSettings = {
				ASSETCATALOG_COMPILER_APPICON_NAME = AppIcon;
				ASSETCATALOG_COMPILER_GLOBAL_ACCENT_COLOR_NAME = AccentColor;
				ASSETCATALOG_COMPILER_INCLUDE_ALL_APPICON_ASSETS = NO;
				CODE_SIGN_STYLE = Automatic;
				CURRENT_PROJECT_VERSION = 1;
				DEVELOPMENT_TEAM = 634W865UK3;
				GENERATE_INFOPLIST_FILE = YES;
				INFOPLIST_FILE = ContactApp/Info.plist;
				INFOPLIST_KEY_NSPhotoLibraryUsageDescription = "Grant Access to upload contact image";
				INFOPLIST_KEY_UIApplicationSupportsIndirectInputEvents = YES;
				INFOPLIST_KEY_UILaunchStoryboardName = LaunchScreen;
				INFOPLIST_KEY_UIMainStoryboardFile = Main;
				INFOPLIST_KEY_UISupportedInterfaceOrientations = "UIInterfaceOrientationLandscapeLeft UIInterfaceOrientationLandscapeRight UIInterfaceOrientationPortrait UIInterfaceOrientationPortraitUpsideDown";
				IPHONEOS_DEPLOYMENT_TARGET = 13.0;
				LD_RUNPATH_SEARCH_PATHS = (
					"$(inherited)",
					"@executable_path/Frameworks",
				);
				MARKETING_VERSION = 1.0;
				PRODUCT_BUNDLE_IDENTIFIER = com.rishab.ContactApp2;
				PRODUCT_NAME = "$(TARGET_NAME)";
				SWIFT_EMIT_LOC_STRINGS = YES;
				SWIFT_OBJC_BRIDGING_HEADER = "ContactApp/Supporting Files/ContactApp-Bridging-Header.h";
				SWIFT_VERSION = 5.0;
				TARGETED_DEVICE_FAMILY = "1,2";
			};
			name = Release;
		};
/* End XCBuildConfiguration section */

/* Begin XCConfigurationList section */
		615B1C892941A8B6006BBE81 /* Build configuration list for PBXProject "ContactApp" */ = {
			isa = XCConfigurationList;
			buildConfigurations = (
				615B1CA02941A8B7006BBE81 /* Debug */,
				615B1CA12941A8B7006BBE81 /* Release */,
			);
			defaultConfigurationIsVisible = 0;
			defaultConfigurationName = Release;
		};
		615B1CA22941A8B7006BBE81 /* Build configuration list for PBXNativeTarget "ContactApp" */ = {
			isa = XCConfigurationList;
			buildConfigurations = (
				615B1CA32941A8B7006BBE81 /* Debug */,
				615B1CA42941A8B7006BBE81 /* Release */,
			);
			defaultConfigurationIsVisible = 0;
			defaultConfigurationName = Release;
		};
/* End XCConfigurationList section */
	};
	rootObject = 615B1C862941A8B6006BBE81 /* Project object */;
}
